// !$*UTF8*$!
{
	archiveVersion = 1;
	classes = {
	};
	objectVersion = 55;
	objects = {

/* Begin PBXBuildFile section */
		C241B58A271E45BC00B7710F /* AppDelegate.swift in Sources */ = {isa = PBXBuildFile; fileRef = C241B589271E45BC00B7710F /* AppDelegate.swift */; };
		C241B58C271E45BC00B7710F /* SceneDelegate.swift in Sources */ = {isa = PBXBuildFile; fileRef = C241B58B271E45BC00B7710F /* SceneDelegate.swift */; };
		C241B58E271E45BC00B7710F /* ViewController.swift in Sources */ = {isa = PBXBuildFile; fileRef = C241B58D271E45BC00B7710F /* ViewController.swift */; };
		C241B593271E45BF00B7710F /* Assets.xcassets in Resources */ = {isa = PBXBuildFile; fileRef = C241B592271E45BF00B7710F /* Assets.xcassets */; };
		C241B596271E45BF00B7710F /* LaunchScreen.storyboard in Resources */ = {isa = PBXBuildFile; fileRef = C241B594271E45BF00B7710F /* LaunchScreen.storyboard */; };
		C241B5A1271E45BF00B7710F /* Applepie_TabaresTests.swift in Sources */ = {isa = PBXBuildFile; fileRef = C241B5A0271E45BF00B7710F /* Applepie_TabaresTests.swift */; };
		C241B5AB271E45BF00B7710F /* Applepie_TabaresUITests.swift in Sources */ = {isa = PBXBuildFile; fileRef = C241B5AA271E45BF00B7710F /* Applepie_TabaresUITests.swift */; };
		C241B5AD271E45BF00B7710F /* Applepie_TabaresUITestsLaunchTests.swift in Sources */ = {isa = PBXBuildFile; fileRef = C241B5AC271E45BF00B7710F /* Applepie_TabaresUITestsLaunchTests.swift */; };
		C241B5BD271E486800B7710F /* Game.swift in Sources */ = {isa = PBXBuildFile; fileRef = C241B5BC271E486800B7710F /* Game.swift */; };
		C2F03C2A27A8E27100F05B55 /* Main.storyboard in Resources */ = {isa = PBXBuildFile; fileRef = C2F03C2927A8E27100F05B55 /* Main.storyboard */; };
/* End PBXBuildFile section */

/* Begin PBXContainerItemProxy section */
		C241B59D271E45BF00B7710F /* PBXContainerItemProxy */ = {
			isa = PBXContainerItemProxy;
			containerPortal = C241B57E271E45BC00B7710F /* Project object */;
			proxyType = 1;
			remoteGlobalIDString = C241B585271E45BC00B7710F;
			remoteInfo = Applepie_Tabares;
		};
		C241B5A7271E45BF00B7710F /* PBXContainerItemProxy */ = {
			isa = PBXContainerItemProxy;
			containerPortal = C241B57E271E45BC00B7710F /* Project object */;
			proxyType = 1;
			remoteGlobalIDString = C241B585271E45BC00B7710F;
			remoteInfo = Applepie_Tabares;
		};
/* End PBXContainerItemProxy section */

/* Begin PBXFileReference section */
		C241B586271E45BC00B7710F /* Applepie_Tabares.app */ = {isa = PBXFileReference; explicitFileType = wrapper.application; includeInIndex = 0; path = Applepie_Tabares.app; sourceTree = BUILT_PRODUCTS_DIR; };
		C241B589271E45BC00B7710F /* AppDelegate.swift */ = {isa = PBXFileReference; lastKnownFileType = sourcecode.swift; path = AppDelegate.swift; sourceTree = "<group>"; };
		C241B58B271E45BC00B7710F /* SceneDelegate.swift */ = {isa = PBXFileReference; lastKnownFileType = sourcecode.swift; path = SceneDelegate.swift; sourceTree = "<group>"; };
		C241B58D271E45BC00B7710F /* ViewController.swift */ = {isa = PBXFileReference; lastKnownFileType = sourcecode.swift; path = ViewController.swift; sourceTree = "<group>"; };
		C241B592271E45BF00B7710F /* Assets.xcassets */ = {isa = PBXFileReference; lastKnownFileType = folder.assetcatalog; path = Assets.xcassets; sourceTree = "<group>"; };
		C241B595271E45BF00B7710F /* Base */ = {isa = PBXFileReference; lastKnownFileType = file.storyboard; name = Base; path = Base.lproj/LaunchScreen.storyboard; sourceTree = "<group>"; };
		C241B597271E45BF00B7710F /* Info.plist */ = {isa = PBXFileReference; lastKnownFileType = text.plist.xml; path = Info.plist; sourceTree = "<group>"; };
		C241B59C271E45BF00B7710F /* Applepie_TabaresTests.xctest */ = {isa = PBXFileReference; explicitFileType = wrapper.cfbundle; includeInIndex = 0; path = Applepie_TabaresTests.xctest; sourceTree = BUILT_PRODUCTS_DIR; };
		C241B5A0271E45BF00B7710F /* Applepie_TabaresTests.swift */ = {isa = PBXFileReference; lastKnownFileType = sourcecode.swift; path = Applepie_TabaresTests.swift; sourceTree = "<group>"; };
		C241B5A6271E45BF00B7710F /* Applepie_TabaresUITests.xctest */ = {isa = PBXFileReference; explicitFileType = wrapper.cfbundle; includeInIndex = 0; path = Applepie_TabaresUITests.xctest; sourceTree = BUILT_PRODUCTS_DIR; };
		C241B5AA271E45BF00B7710F /* Applepie_TabaresUITests.swift */ = {isa = PBXFileReference; lastKnownFileType = sourcecode.swift; path = Applepie_TabaresUITests.swift; sourceTree = "<group>"; };
		C241B5AC271E45BF00B7710F /* Applepie_TabaresUITestsLaunchTests.swift */ = {isa = PBXFileReference; lastKnownFileType = sourcecode.swift; path = Applepie_TabaresUITestsLaunchTests.swift; sourceTree = "<group>"; };
		C241B5BC271E486800B7710F /* Game.swift */ = {isa = PBXFileReference; lastKnownFileType = sourcecode.swift; path = Game.swift; sourceTree = "<group>"; };
		C2F03C2927A8E27100F05B55 /* Main.storyboard */ = {isa = PBXFileReference; lastKnownFileType = file.storyboard; path = Main.storyboard; sourceTree = "<group>"; };
/* End PBXFileReference section */

/* Begin PBXFrameworksBuildPhase section */
		C241B583271E45BC00B7710F /* Frameworks */ = {
			isa = PBXFrameworksBuildPhase;
			buildActionMask = 2147483647;
			files = (
			);
			runOnlyForDeploymentPostprocessing = 0;
		};
		C241B599271E45BF00B7710F /* Frameworks */ = {
			isa = PBXFrameworksBuildPhase;
			buildActionMask = 2147483647;
			files = (
			);
			runOnlyForDeploymentPostprocessing = 0;
		};
		C241B5A3271E45BF00B7710F /* Frameworks */ = {
			isa = PBXFrameworksBuildPhase;
			buildActionMask = 2147483647;
			files = (
			);
			runOnlyForDeploymentPostprocessing = 0;
		};
/* End PBXFrameworksBuildPhase section */

/* Begin PBXGroup section */
		C241B57D271E45BC00B7710F = {
			isa = PBXGroup;
			children = (
				C241B588271E45BC00B7710F /* Applepie_Tabares */,
				C241B59F271E45BF00B7710F /* Applepie_TabaresTests */,
				C241B5A9271E45BF00B7710F /* Applepie_TabaresUITests */,
				C241B587271E45BC00B7710F /* Products */,
			);
			sourceTree = "<group>";
		};
		C241B587271E45BC00B7710F /* Products */ = {
			isa = PBXGroup;
			children = (
				C241B586271E45BC00B7710F /* Applepie_Tabares.app */,
				C241B59C271E45BF00B7710F /* Applepie_TabaresTests.xctest */,
				C241B5A6271E45BF00B7710F /* Applepie_TabaresUITests.xctest */,
			);
			name = Products;
			sourceTree = "<group>";
		};
		C241B588271E45BC00B7710F /* Applepie_Tabares */ = {
			isa = PBXGroup;
			children = (
				C241B589271E45BC00B7710F /* AppDelegate.swift */,
				C241B58B271E45BC00B7710F /* SceneDelegate.swift */,
				C241B58D271E45BC00B7710F /* ViewController.swift */,
				C241B592271E45BF00B7710F /* Assets.xcassets */,
				C2F03C2927A8E27100F05B55 /* Main.storyboard */,
				C241B594271E45BF00B7710F /* LaunchScreen.storyboard */,
				C241B597271E45BF00B7710F /* Info.plist */,
				C241B5BC271E486800B7710F /* Game.swift */,
			);
			path = Applepie_Tabares;
			sourceTree = "<group>";
		};
		C241B59F271E45BF00B7710F /* Applepie_TabaresTests */ = {
			isa = PBXGroup;
			children = (
				C241B5A0271E45BF00B7710F /* Applepie_TabaresTests.swift */,
			);
			path = Applepie_TabaresTests;
			sourceTree = "<group>";
		};
		C241B5A9271E45BF00B7710F /* Applepie_TabaresUITests */ = {
			isa = PBXGroup;
			children = (
				C241B5AA271E45BF00B7710F /* Applepie_TabaresUITests.swift */,
				C241B5AC271E45BF00B7710F /* Applepie_TabaresUITestsLaunchTests.swift */,
			);
			path = Applepie_TabaresUITests;
			sourceTree = "<group>";
		};
/* End PBXGroup section */

/* Begin PBXNativeTarget section */
		C241B585271E45BC00B7710F /* Applepie_Tabares */ = {
			isa = PBXNativeTarget;
			buildConfigurationList = C241B5B0271E45BF00B7710F /* Build configuration list for PBXNativeTarget "Applepie_Tabares" */;
			buildPhases = (
				C241B582271E45BC00B7710F /* Sources */,
				C241B583271E45BC00B7710F /* Frameworks */,
				C241B584271E45BC00B7710F /* Resources */,
			);
			buildRules = (
			);
			dependencies = (
			);
			name = Applepie_Tabares;
			productName = Applepie_Tabares;
			productReference = C241B586271E45BC00B7710F /* Applepie_Tabares.app */;
			productType = "com.apple.product-type.application";
		};
		C241B59B271E45BF00B7710F /* Applepie_TabaresTests */ = {
			isa = PBXNativeTarget;
			buildConfigurationList = C241B5B3271E45BF00B7710F /* Build configuration list for PBXNativeTarget "Applepie_TabaresTests" */;
			buildPhases = (
				C241B598271E45BF00B7710F /* Sources */,
				C241B599271E45BF00B7710F /* Frameworks */,
				C241B59A271E45BF00B7710F /* Resources */,
			);
			buildRules = (
			);
			dependencies = (
				C241B59E271E45BF00B7710F /* PBXTargetDependency */,
			);
			name = Applepie_TabaresTests;
			productName = Applepie_TabaresTests;
			productReference = C241B59C271E45BF00B7710F /* Applepie_TabaresTests.xctest */;
			productType = "com.apple.product-type.bundle.unit-test";
		};
		C241B5A5271E45BF00B7710F /* Applepie_TabaresUITests */ = {
			isa = PBXNativeTarget;
			buildConfigurationList = C241B5B6271E45BF00B7710F /* Build configuration list for PBXNativeTarget "Applepie_TabaresUITests" */;
			buildPhases = (
				C241B5A2271E45BF00B7710F /* Sources */,
				C241B5A3271E45BF00B7710F /* Frameworks */,
				C241B5A4271E45BF00B7710F /* Resources */,
			);
			buildRules = (
			);
			dependencies = (
				C241B5A8271E45BF00B7710F /* PBXTargetDependency */,
			);
			name = Applepie_TabaresUITests;
			productName = Applepie_TabaresUITests;
			productReference = C241B5A6271E45BF00B7710F /* Applepie_TabaresUITests.xctest */;
			productType = "com.apple.product-type.bundle.ui-testing";
		};
/* End PBXNativeTarget section */

/* Begin PBXProject section */
		C241B57E271E45BC00B7710F /* Project object */ = {
			isa = PBXProject;
			attributes = {
				BuildIndependentTargetsInParallel = 1;
				LastSwiftUpdateCheck = 1300;
				LastUpgradeCheck = 1300;
				TargetAttributes = {
					C241B585271E45BC00B7710F = {
						CreatedOnToolsVersion = 13.0;
					};
					C241B59B271E45BF00B7710F = {
						CreatedOnToolsVersion = 13.0;
						TestTargetID = C241B585271E45BC00B7710F;
					};
					C241B5A5271E45BF00B7710F = {
						CreatedOnToolsVersion = 13.0;
						TestTargetID = C241B585271E45BC00B7710F;
					};
				};
			};
			buildConfigurationList = C241B581271E45BC00B7710F /* Build configuration list for PBXProject "Applepie_Tabares" */;
			compatibilityVersion = "Xcode 13.0";
			developmentRegion = en;
			hasScannedForEncodings = 0;
			knownRegions = (
				en,
				Base,
			);
			mainGroup = C241B57D271E45BC00B7710F;
			productRefGroup = C241B587271E45BC00B7710F /* Products */;
			projectDirPath = "";
			projectRoot = "";
			targets = (
				C241B585271E45BC00B7710F /* Applepie_Tabares */,
				C241B59B271E45BF00B7710F /* Applepie_TabaresTests */,
				C241B5A5271E45BF00B7710F /* Applepie_TabaresUITests */,
			);
		};
/* End PBXProject section */

/* Begin PBXResourcesBuildPhase section */
		C241B584271E45BC00B7710F /* Resources */ = {
			isa = PBXResourcesBuildPhase;
			buildActionMask = 2147483647;
			files = (
				C241B596271E45BF00B7710F /* LaunchScreen.storyboard in Resources */,
				C241B593271E45BF00B7710F /* Assets.xcassets in Resources */,
				C2F03C2A27A8E27100F05B55 /* Main.storyboard in Resources */,
			);
			runOnlyForDeploymentPostprocessing = 0;
		};
		C241B59A271E45BF00B7710F /* Resources */ = {
			isa = PBXResourcesBuildPhase;
			buildActionMask = 2147483647;
			files = (
			);
			runOnlyForDeploymentPostprocessing = 0;
		};
		C241B5A4271E45BF00B7710F /* Resources */ = {
			isa = PBXResourcesBuildPhase;
			buildActionMask = 2147483647;
			files = (
			);
			runOnlyForDeploymentPostprocessing = 0;
		};
/* End PBXResourcesBuildPhase section */

/* Begin PBXSourcesBuildPhase section */
		C241B582271E45BC00B7710F /* Sources */ = {
			isa = PBXSourcesBuildPhase;
			buildActionMask = 2147483647;
			files = (
				C241B58E271E45BC00B7710F /* ViewController.swift in Sources */,
				C241B58A271E45BC00B7710F /* AppDelegate.swift in Sources */,
				C241B58C271E45BC00B7710F /* SceneDelegate.swift in Sources */,
				C241B5BD271E486800B7710F /* Game.swift in Sources */,
			);
			runOnlyForDeploymentPostprocessing = 0;
		};
		C241B598271E45BF00B7710F /* Sources */ = {
			isa = PBXSourcesBuildPhase;
			buildActionMask = 2147483647;
			files = (
				C241B5A1271E45BF00B7710F /* Applepie_TabaresTests.swift in Sources */,
			);
			runOnlyForDeploymentPostprocessing = 0;
		};
		C241B5A2271E45BF00B7710F /* Sources */ = {
			isa = PBXSourcesBuildPhase;
			buildActionMask = 2147483647;
			files = (
				C241B5AB271E45BF00B7710F /* Applepie_TabaresUITests.swift in Sources */,
				C241B5AD271E45BF00B7710F /* Applepie_TabaresUITestsLaunchTests.swift in Sources */,
			);
			runOnlyForDeploymentPostprocessing = 0;
		};
/* End PBXSourcesBuildPhase section */

/* Begin PBXTargetDependency section */
		C241B59E271E45BF00B7710F /* PBXTargetDependency */ = {
			isa = PBXTargetDependency;
			target = C241B585271E45BC00B7710F /* Applepie_Tabares */;
			targetProxy = C241B59D271E45BF00B7710F /* PBXContainerItemProxy */;
		};
		C241B5A8271E45BF00B7710F /* PBXTargetDependency */ = {
			isa = PBXTargetDependency;
			target = C241B585271E45BC00B7710F /* Applepie_Tabares */;
			targetProxy = C241B5A7271E45BF00B7710F /* PBXContainerItemProxy */;
		};
/* End PBXTargetDependency section */

/* Begin PBXVariantGroup section */
		C241B594271E45BF00B7710F /* LaunchScreen.storyboard */ = {
			isa = PBXVariantGroup;
			children = (
				C241B595271E45BF00B7710F /* Base */,
			);
			name = LaunchScreen.storyboard;
			sourceTree = "<group>";
		};
/* End PBXVariantGroup section */

/* Begin XCBuildConfiguration section */
		C241B5AE271E45BF00B7710F /* Debug */ = {
			isa = XCBuildConfiguration;
			buildSettings = {
				ALWAYS_SEARCH_USER_PATHS = NO;
				CLANG_ANALYZER_NONNULL = YES;
				CLANG_ANALYZER_NUMBER_OBJECT_CONVERSION = YES_AGGRESSIVE;
				CLANG_CXX_LANGUAGE_STANDARD = "gnu++17";
				CLANG_CXX_LIBRARY = "libc++";
				CLANG_ENABLE_MODULES = YES;
				CLANG_ENABLE_OBJC_ARC = YES;
				CLANG_ENABLE_OBJC_WEAK = YES;
				CLANG_WARN_BLOCK_CAPTURE_AUTORELEASING = YES;
				CLANG_WARN_BOOL_CONVERSION = YES;
				CLANG_WARN_COMMA = YES;
				CLANG_WARN_CONSTANT_CONVERSION = YES;
				CLANG_WARN_DEPRECATED_OBJC_IMPLEMENTATIONS = YES;
				CLANG_WARN_DIRECT_OBJC_ISA_USAGE = YES_ERROR;
				CLANG_WARN_DOCUMENTATION_COMMENTS = YES;
				CLANG_WARN_EMPTY_BODY = YES;
				CLANG_WARN_ENUM_CONVERSION = YES;
				CLANG_WARN_INFINITE_RECURSION = YES;
				CLANG_WARN_INT_CONVERSION = YES;
				CLANG_WARN_NON_LITERAL_NULL_CONVERSION = YES;
				CLANG_WARN_OBJC_IMPLICIT_RETAIN_SELF = YES;
				CLANG_WARN_OBJC_LITERAL_CONVERSION = YES;
				CLANG_WARN_OBJC_ROOT_CLASS = YES_ERROR;
				CLANG_WARN_QUOTED_INCLUDE_IN_FRAMEWORK_HEADER = YES;
				CLANG_WARN_RANGE_LOOP_ANALYSIS = YES;
				CLANG_WARN_STRICT_PROTOTYPES = YES;
				CLANG_WARN_SUSPICIOUS_MOVE = YES;
				CLANG_WARN_UNGUARDED_AVAILABILITY = YES_AGGRESSIVE;
				CLANG_WARN_UNREACHABLE_CODE = YES;
				CLANG_WARN__DUPLICATE_METHOD_MATCH = YES;
				COPY_PHASE_STRIP = NO;
				DEBUG_INFORMATION_FORMAT = dwarf;
				ENABLE_STRICT_OBJC_MSGSEND = YES;
				ENABLE_TESTABILITY = YES;
				GCC_C_LANGUAGE_STANDARD = gnu11;
				GCC_DYNAMIC_NO_PIC = NO;
				GCC_NO_COMMON_BLOCKS = YES;
				GCC_OPTIMIZATION_LEVEL = 0;
				GCC_PREPROCESSOR_DEFINITIONS = (
					"DEBUG=1",
					"$(inherited)",
				);
				GCC_WARN_64_TO_32_BIT_CONVERSION = YES;
				GCC_WARN_ABOUT_RETURN_TYPE = YES_ERROR;
				GCC_WARN_UNDECLARED_SELECTOR = YES;
				GCC_WARN_UNINITIALIZED_AUTOS = YES_AGGRESSIVE;
				GCC_WARN_UNUSED_FUNCTION = YES;
				GCC_WARN_UNUSED_VARIABLE = YES;
				IPHONEOS_DEPLOYMENT_TARGET = 15.0;
				MTL_ENABLE_DEBUG_INFO = INCLUDE_SOURCE;
				MTL_FAST_MATH = YES;
				ONLY_ACTIVE_ARCH = YES;
				SDKROOT = iphoneos;
				SWIFT_ACTIVE_COMPILATION_CONDITIONS = DEBUG;
				SWIFT_OPTIMIZATION_LEVEL = "-Onone";
			};
			name = Debug;
		};
		C241B5AF271E45BF00B7710F /* Release */ = {
			isa = XCBuildConfiguration;
			buildSettings = {
				ALWAYS_SEARCH_USER_PATHS = NO;
				CLANG_ANALYZER_NONNULL = YES;
				CLANG_ANALYZER_NUMBER_OBJECT_CONVERSION = YES_AGGRESSIVE;
				CLANG_CXX_LANGUAGE_STANDARD = "gnu++17";
				CLANG_CXX_LIBRARY = "libc++";
				CLANG_ENABLE_MODULES = YES;
				CLANG_ENABLE_OBJC_ARC = YES;
				CLANG_ENABLE_OBJC_WEAK = YES;
				CLANG_WARN_BLOCK_CAPTURE_AUTORELEASING = YES;
				CLANG_WARN_BOOL_CONVERSION = YES;
				CLANG_WARN_COMMA = YES;
				CLANG_WARN_CONSTANT_CONVERSION = YES;
				CLANG_WARN_DEPRECATED_OBJC_IMPLEMENTATIONS = YES;
				CLANG_WARN_DIRECT_OBJC_ISA_USAGE = YES_ERROR;
				CLANG_WARN_DOCUMENTATION_COMMENTS = YES;
				CLANG_WARN_EMPTY_BODY = YES;
				CLANG_WARN_ENUM_CONVERSION = YES;
				CLANG_WARN_INFINITE_RECURSION = YES;
				CLANG_WARN_INT_CONVERSION = YES;
				CLANG_WARN_NON_LITERAL_NULL_CONVERSION = YES;
				CLANG_WARN_OBJC_IMPLICIT_RETAIN_SELF = YES;
				CLANG_WARN_OBJC_LITERAL_CONVERSION = YES;
				CLANG_WARN_OBJC_ROOT_CLASS = YES_ERROR;
				CLANG_WARN_QUOTED_INCLUDE_IN_FRAMEWORK_HEADER = YES;
				CLANG_WARN_RANGE_LOOP_ANALYSIS = YES;
				CLANG_WARN_STRICT_PROTOTYPES = YES;
				CLANG_WARN_SUSPICIOUS_MOVE = YES;
				CLANG_WARN_UNGUARDED_AVAILABILITY = YES_AGGRESSIVE;
				CLANG_WARN_UNREACHABLE_CODE = YES;
				CLANG_WARN__DUPLICATE_METHOD_MATCH = YES;
				COPY_PHASE_STRIP = NO;
				DEBUG_INFORMATION_FORMAT = "dwarf-with-dsym";
				ENABLE_NS_ASSERTIONS = NO;
				ENABLE_STRICT_OBJC_MSGSEND = YES;
				GCC_C_LANGUAGE_STANDARD = gnu11;
				GCC_NO_COMMON_BLOCKS = YES;
				GCC_WARN_64_TO_32_BIT_CONVERSION = YES;
				GCC_WARN_ABOUT_RETURN_TYPE = YES_ERROR;
				GCC_WARN_UNDECLARED_SELECTOR = YES;
				GCC_WARN_UNINITIALIZED_AUTOS = YES_AGGRESSIVE;
				GCC_WARN_UNUSED_FUNCTION = YES;
				GCC_WARN_UNUSED_VARIABLE = YES;
				IPHONEOS_DEPLOYMENT_TARGET = 15.0;
				MTL_ENABLE_DEBUG_INFO = NO;
				MTL_FAST_MATH = YES;
				SDKROOT = iphoneos;
				SWIFT_COMPILATION_MODE = wholemodule;
				SWIFT_OPTIMIZATION_LEVEL = "-O";
				VALIDATE_PRODUCT = YES;
			};
			name = Release;
		};
		C241B5B1271E45BF00B7710F /* Debug */ = {
			isa = XCBuildConfiguration;
			buildSettings = {
				ASSETCATALOG_COMPILER_APPICON_NAME = AppIcon;
				ASSETCATALOG_COMPILER_GLOBAL_ACCENT_COLOR_NAME = AccentColor;
				CODE_SIGN_STYLE = Automatic;
				CURRENT_PROJECT_VERSION = 1;
				GENERATE_INFOPLIST_FILE = YES;
				INFOPLIST_FILE = Applepie_Tabares/Info.plist;
				INFOPLIST_KEY_UIApplicationSupportsIndirectInputEvents = YES;
				INFOPLIST_KEY_UILaunchStoryboardName = LaunchScreen;
				INFOPLIST_KEY_UIMainStoryboardFile = Main;
				INFOPLIST_KEY_UISupportedInterfaceOrientations_iPad = "UIInterfaceOrientationPortrait UIInterfaceOrientationPortraitUpsideDown UIInterfaceOrientationLandscapeLeft UIInterfaceOrientationLandscapeRight";
				INFOPLIST_KEY_UISupportedInterfaceOrientations_iPhone = "UIInterfaceOrientationPortrait UIInterfaceOrientationLandscapeLeft UIInterfaceOrientationLandscapeRight";
				LD_RUNPATH_SEARCH_PATHS = (
					"$(inherited)",
					"@executable_path/Frameworks",
				);
				MARKETING_VERSION = 1.0;
				PRODUCT_BUNDLE_IDENTIFIER = "Jeanpaul.Applepie-Tabares";
				PRODUCT_NAME = "$(TARGET_NAME)";
				SWIFT_EMIT_LOC_STRINGS = YES;
				SWIFT_VERSION = 5.0;
				TARGETED_DEVICE_FAMILY = "1,2";
			};
			name = Debug;
		};
		C241B5B2271E45BF00B7710F /* Release */ = {
			isa = XCBuildConfiguration;
			buildSettings = {
				ASSETCATALOG_COMPILER_APPICON_NAME = AppIcon;
				ASSETCATALOG_COMPILER_GLOBAL_ACCENT_COLOR_NAME = AccentColor;
				CODE_SIGN_STYLE = Automatic;
				CURRENT_PROJECT_VERSION = 1;
				GENERATE_INFOPLIST_FILE = YES;
				INFOPLIST_FILE = Applepie_Tabares/Info.plist;
				INFOPLIST_KEY_UIApplicationSupportsIndirectInputEvents = YES;
				INFOPLIST_KEY_UILaunchStoryboardName = LaunchScreen;
				INFOPLIST_KEY_UIMainStoryboardFile = Main;
				INFOPLIST_KEY_UISupportedInterfaceOrientations_iPad = "UIInterfaceOrientationPortrait UIInterfaceOrientationPortraitUpsideDown UIInterfaceOrientationLandscapeLeft UIInterfaceOrientationLandscapeRight";
				INFOPLIST_KEY_UISupportedInterfaceOrientations_iPhone = "UIInterfaceOrientationPortrait UIInterfaceOrientationLandscapeLeft UIInterfaceOrientationLandscapeRight";
				LD_RUNPATH_SEARCH_PATHS = (
					"$(inherited)",
					"@executable_path/Frameworks",
				);
				MARKETING_VERSION = 1.0;
				PRODUCT_BUNDLE_IDENTIFIER = "Jeanpaul.Applepie-Tabares";
				PRODUCT_NAME = "$(TARGET_NAME)";
				SWIFT_EMIT_LOC_STRINGS = YES;
				SWIFT_VERSION = 5.0;
				TARGETED_DEVICE_FAMILY = "1,2";
			};
			name = Release;
		};
		C241B5B4271E45BF00B7710F /* Debug */ = {
			isa = XCBuildConfiguration;
			buildSettings = {
				ALWAYS_EMBED_SWIFT_STANDARD_LIBRARIES = YES;
				BUNDLE_LOADER = "$(TEST_HOST)";
				CODE_SIGN_STYLE = Automatic;
				CURRENT_PROJECT_VERSION = 1;
				GENERATE_INFOPLIST_FILE = YES;
				IPHONEOS_DEPLOYMENT_TARGET = 15.0;
				LD_RUNPATH_SEARCH_PATHS = (
					"$(inherited)",
					"@executable_path/Frameworks",
					"@loader_path/Frameworks",
				);
				MARKETING_VERSION = 1.0;
				PRODUCT_BUNDLE_IDENTIFIER = "Jeanpaul.Applepie-TabaresTests";
				PRODUCT_NAME = "$(TARGET_NAME)";
				SWIFT_EMIT_LOC_STRINGS = NO;
				SWIFT_VERSION = 5.0;
				TARGETED_DEVICE_FAMILY = "1,2";
				TEST_HOST = "$(BUILT_PRODUCTS_DIR)/Applepie_Tabares.app/Applepie_Tabares";
			};
			name = Debug;
		};
		C241B5B5271E45BF00B7710F /* Release */ = {
			isa = XCBuildConfiguration;
			buildSettings = {
				ALWAYS_EMBED_SWIFT_STANDARD_LIBRARIES = YES;
				BUNDLE_LOADER = "$(TEST_HOST)";
				CODE_SIGN_STYLE = Automatic;
				CURRENT_PROJECT_VERSION = 1;
				GENERATE_INFOPLIST_FILE = YES;
				IPHONEOS_DEPLOYMENT_TARGET = 15.0;
				LD_RUNPATH_SEARCH_PATHS = (
					"$(inherited)",
					"@executable_path/Frameworks",
					"@loader_path/Frameworks",
				);
				MARKETING_VERSION = 1.0;
				PRODUCT_BUNDLE_IDENTIFIER = "Jeanpaul.Applepie-TabaresTests";
				PRODUCT_NAME = "$(TARGET_NAME)";
				SWIFT_EMIT_LOC_STRINGS = NO;
				SWIFT_VERSION = 5.0;
				TARGETED_DEVICE_FAMILY = "1,2";
				TEST_HOST = "$(BUILT_PRODUCTS_DIR)/Applepie_Tabares.app/Applepie_Tabares";
			};
			name = Release;
		};
		C241B5B7271E45BF00B7710F /* Debug */ = {
			isa = XCBuildConfiguration;
			buildSettings = {
				ALWAYS_EMBED_SWIFT_STANDARD_LIBRARIES = YES;
				CODE_SIGN_STYLE = Automatic;
				CURRENT_PROJECT_VERSION = 1;
				GENERATE_INFOPLIST_FILE = YES;
				LD_RUNPATH_SEARCH_PATHS = (
					"$(inherited)",
					"@executable_path/Frameworks",
					"@loader_path/Frameworks",
				);
				MARKETING_VERSION = 1.0;
				PRODUCT_BUNDLE_IDENTIFIER = "Jeanpaul.Applepie-TabaresUITests";
				PRODUCT_NAME = "$(TARGET_NAME)";
				SWIFT_EMIT_LOC_STRINGS = NO;
				SWIFT_VERSION = 5.0;
				TARGETED_DEVICE_FAMILY = "1,2";
				TEST_TARGET_NAME = Applepie_Tabares;
			};
			name = Debug;
		};
		C241B5B8271E45BF00B7710F /* Release */ = {
			isa = XCBuildConfiguration;
			buildSettings = {
				ALWAYS_EMBED_SWIFT_STANDARD_LIBRARIES = YES;
				CODE_SIGN_STYLE = Automatic;
				CURRENT_PROJECT_VERSION = 1;
				GENERATE_INFOPLIST_FILE = YES;
				LD_RUNPATH_SEARCH_PATHS = (
					"$(inherited)",
					"@executable_path/Frameworks",
					"@loader_path/Frameworks",
				);
				MARKETING_VERSION = 1.0;
				PRODUCT_BUNDLE_IDENTIFIER = "Jeanpaul.Applepie-TabaresUITests";
				PRODUCT_NAME = "$(TARGET_NAME)";
				SWIFT_EMIT_LOC_STRINGS = NO;
				SWIFT_VERSION = 5.0;
				TARGETED_DEVICE_FAMILY = "1,2";
				TEST_TARGET_NAME = Applepie_Tabares;
			};
			name = Release;
		};
/* End XCBuildConfiguration section */

/* Begin XCConfigurationList section */
		C241B581271E45BC00B7710F /* Build configuration list for PBXProject "Applepie_Tabares" */ = {
			isa = XCConfigurationList;
			buildConfigurations = (
				C241B5AE271E45BF00B7710F /* Debug */,
				C241B5AF271E45BF00B7710F /* Release */,
			);
			defaultConfigurationIsVisible = 0;
			defaultConfigurationName = Release;
		};
		C241B5B0271E45BF00B7710F /* Build configuration list for PBXNativeTarget "Applepie_Tabares" */ = {
			isa = XCConfigurationList;
			buildConfigurations = (
				C241B5B1271E45BF00B7710F /* Debug */,
				C241B5B2271E45BF00B7710F /* Release */,
			);
			defaultConfigurationIsVisible = 0;
			defaultConfigurationName = Release;
		};
		C241B5B3271E45BF00B7710F /* Build configuration list for PBXNativeTarget "Applepie_TabaresTests" */ = {
			isa = XCConfigurationList;
			buildConfigurations = (
				C241B5B4271E45BF00B7710F /* Debug */,
				C241B5B5271E45BF00B7710F /* Release */,
			);
			defaultConfigurationIsVisible = 0;
			defaultConfigurationName = Release;
		};
		C241B5B6271E45BF00B7710F /* Build configuration list for PBXNativeTarget "Applepie_TabaresUITests" */ = {
			isa = XCConfigurationList;
			buildConfigurations = (
				C241B5B7271E45BF00B7710F /* Debug */,
				C241B5B8271E45BF00B7710F /* Release */,
			);
			defaultConfigurationIsVisible = 0;
			defaultConfigurationName = Release;
		};
/* End XCConfigurationList section */
	};
	rootObject = C241B57E271E45BC00B7710F /* Project object */;
}
